
Microsoft Visual Studio Solution File, Format Version 12.00
# Visual Studio 2015
Project("{FAE04EC0-301F-11D3-BF4B-00C04F79EFBC}") = "ac_gf.CSharp.Plugins", "ac_gf.CSharp.Plugins.csproj", "{1A76F848-7385-DF43-662A-B6A655945C4F}"
EndProject
Project("{FAE04EC0-301F-11D3-BF4B-00C04F79EFBC}") = "ac_gf.CSharp", "ac_gf.CSharp.csproj", "{35135C5C-4DB1-C68D-154C-513F6D0D15C1}"
EndProject
Project("{FAE04EC0-301F-11D3-BF4B-00C04F79EFBC}") = "ac_gf.CSharp.Editor.Plugins", "ac_gf.CSharp.Editor.Plugins.csproj", "{50F33CCD-2EAB-E48D-2A1A-3FD9A34021C8}"
EndProject
Global
	GlobalSection(SolutionConfigurationPlatforms) = preSolution
		Debug|Any CPU = Debug|Any CPU
		Release|Any CPU = Release|Any CPU
	EndGlobalSection
	GlobalSection(ProjectConfigurationPlatforms) = postSolution
		{1A76F848-7385-DF43-662A-B6A655945C4F}.Debug|Any CPU.ActiveCfg = Debug|Any CPU
		{1A76F848-7385-DF43-662A-B6A655945C4F}.Debug|Any CPU.Build.0 = Debug|Any CPU
		{1A76F848-7385-DF43-662A-B6A655945C4F}.Release|Any CPU.ActiveCfg = Release|Any CPU
		{1A76F848-7385-DF43-662A-B6A655945C4F}.Release|Any CPU.Build.0 = Release|Any CPU
		{35135C5C-4DB1-C68D-154C-513F6D0D15C1}.Debug|Any CPU.ActiveCfg = Debug|Any CPU
		{35135C5C-4DB1-C68D-154C-513F6D0D15C1}.Debug|Any CPU.Build.0 = Debug|Any CPU
		{35135C5C-4DB1-C68D-154C-513F6D0D15C1}.Release|Any CPU.ActiveCfg = Release|Any CPU
		{35135C5C-4DB1-C68D-154C-513F6D0D15C1}.Release|Any CPU.Build.0 = Release|Any CPU
		{50F33CCD-2EAB-E48D-2A1A-3FD9A34021C8}.Debug|Any CPU.ActiveCfg = Debug|Any CPU
		{50F33CCD-2EAB-E48D-2A1A-3FD9A34021C8}.Debug|Any CPU.Build.0 = Debug|Any CPU
		{50F33CCD-2EAB-E48D-2A1A-3FD9A34021C8}.Release|Any CPU.ActiveCfg = Release|Any CPU
		{50F33CCD-2EAB-E48D-2A1A-3FD9A34021C8}.Release|Any CPU.Build.0 = Release|Any CPU
	EndGlobalSection
	GlobalSection(SolutionProperties) = preSolution
		HideSolutionNode = FALSE
	EndGlobalSection
EndGlobal
